
Microsoft Visual Studio Solution File, Format Version 12.00
# Visual Studio Version 16
VisualStudioVersion = 16.0.30611.23
MinimumVisualStudioVersion = 10.0.40219.1
Project("{9A19103F-16F7-4668-BE54-9A1E7A4F7556}") = "API-LAB1", "API-LAB1.csproj", "{670AA9F6-E359-4D57-90CB-E9A0771B88AE}"
	ProjectSection(ProjectDependencies) = postProject
		{C4FFBA62-0F1A-4A01-837F-9A19367FAAB6} = {C4FFBA62-0F1A-4A01-837F-9A19367FAAB6}
	EndProjectSection
EndProject
Project("{9A19103F-16F7-4668-BE54-9A1E7A4F7556}") = "Library-LAB1", "..\Library-LAB1\Library-LAB1.csproj", "{C4FFBA62-0F1A-4A01-837F-9A19367FAAB6}"
EndProject
Project("{9A19103F-16F7-4668-BE54-9A1E7A4F7556}") = "Console-LAB1", "..\Console-LAB1\Console-LAB1.csproj", "{44EA9BF1-128B-4100-8F28-F7DA21CF3432}"
EndProject
Global
	GlobalSection(SolutionConfigurationPlatforms) = preSolution
		Debug|Any CPU = Debug|Any CPU
		Release|Any CPU = Release|Any CPU
	EndGlobalSection
	GlobalSection(ProjectConfigurationPlatforms) = postSolution
		{670AA9F6-E359-4D57-90CB-E9A0771B88AE}.Debug|Any CPU.ActiveCfg = Debug|Any CPU
		{670AA9F6-E359-4D57-90CB-E9A0771B88AE}.Debug|Any CPU.Build.0 = Debug|Any CPU
		{670AA9F6-E359-4D57-90CB-E9A0771B88AE}.Release|Any CPU.ActiveCfg = Release|Any CPU
		{670AA9F6-E359-4D57-90CB-E9A0771B88AE}.Release|Any CPU.Build.0 = Release|Any CPU
		{C4FFBA62-0F1A-4A01-837F-9A19367FAAB6}.Debug|Any CPU.ActiveCfg = Debug|Any CPU
		{C4FFBA62-0F1A-4A01-837F-9A19367FAAB6}.Debug|Any CPU.Build.0 = Debug|Any CPU
		{C4FFBA62-0F1A-4A01-837F-9A19367FAAB6}.Release|Any CPU.ActiveCfg = Release|Any CPU
		{C4FFBA62-0F1A-4A01-837F-9A19367FAAB6}.Release|Any CPU.Build.0 = Release|Any CPU
		{44EA9BF1-128B-4100-8F28-F7DA21CF3432}.Debug|Any CPU.ActiveCfg = Debug|Any CPU
		{44EA9BF1-128B-4100-8F28-F7DA21CF3432}.Debug|Any CPU.Build.0 = Debug|Any CPU
		{44EA9BF1-128B-4100-8F28-F7DA21CF3432}.Release|Any CPU.ActiveCfg = Release|Any CPU
		{44EA9BF1-128B-4100-8F28-F7DA21CF3432}.Release|Any CPU.Build.0 = Release|Any CPU
	EndGlobalSection
	GlobalSection(SolutionProperties) = preSolution
		HideSolutionNode = FALSE
	EndGlobalSection
	GlobalSection(ExtensibilityGlobals) = postSolution
		SolutionGuid = {9B30D7F1-A54F-4A60-8915-3E848548CEFD}
	EndGlobalSection
EndGlobal
